
Microsoft Visual Studio Solution File, Format Version 12.00
# Visual Studio Version 16
VisualStudioVersion = 16.0.30204.135
MinimumVisualStudioVersion = 10.0.40219.1
Project("{9A19103F-16F7-4668-BE54-9A1E7A4F7556}") = "ShipMobile", "ShipMobile\ShipMobile.csproj", "{55175F3C-71D7-44C2-AAF7-CC6E566098A0}"
EndProject
Global
	GlobalSection(SolutionConfigurationPlatforms) = preSolution
		Debug|Any CPU = Debug|Any CPU
		Release|Any CPU = Release|Any CPU
	EndGlobalSection
	GlobalSection(ProjectConfigurationPlatforms) = postSolution
		{55175F3C-71D7-44C2-AAF7-CC6E566098A0}.Debug|Any CPU.ActiveCfg = Debug|Any CPU
		{55175F3C-71D7-44C2-AAF7-CC6E566098A0}.Debug|Any CPU.Build.0 = Debug|Any CPU
		{55175F3C-71D7-44C2-AAF7-CC6E566098A0}.Release|Any CPU.ActiveCfg = Release|Any CPU
		{55175F3C-71D7-44C2-AAF7-CC6E566098A0}.Release|Any CPU.Build.0 = Release|Any CPU
	EndGlobalSection
	GlobalSection(SolutionProperties) = preSolution
		HideSolutionNode = FALSE
	EndGlobalSection
	GlobalSection(ExtensibilityGlobals) = postSolution
		SolutionGuid = {FC6BD2AF-1B8A-44D1-9988-24CFAF856CE5}
	EndGlobalSection
EndGlobal
